
Microsoft Visual Studio Solution File, Format Version 12.00
# Visual Studio Version 17
VisualStudioVersion = 17.7.34031.279
MinimumVisualStudioVersion = 10.0.40219.1
Project("{FAE04EC0-301F-11D3-BF4B-00C04F79EFBC}") = "stenSaxPase", "stenSaxPase.csproj", "{C458F52F-B1A8-4509-A993-5F1C1E3178F7}"
EndProject
Global
	GlobalSection(SolutionConfigurationPlatforms) = preSolution
		Debug|Any CPU = Debug|Any CPU
		Release|Any CPU = Release|Any CPU
	EndGlobalSection
	GlobalSection(ProjectConfigurationPlatforms) = postSolution
		{C458F52F-B1A8-4509-A993-5F1C1E3178F7}.Debug|Any CPU.ActiveCfg = Debug|Any CPU
		{C458F52F-B1A8-4509-A993-5F1C1E3178F7}.Debug|Any CPU.Build.0 = Debug|Any CPU
		{C458F52F-B1A8-4509-A993-5F1C1E3178F7}.Release|Any CPU.ActiveCfg = Release|Any CPU
		{C458F52F-B1A8-4509-A993-5F1C1E3178F7}.Release|Any CPU.Build.0 = Release|Any CPU
	EndGlobalSection
	GlobalSection(SolutionProperties) = preSolution
		HideSolutionNode = FALSE
	EndGlobalSection
	GlobalSection(ExtensibilityGlobals) = postSolution
		SolutionGuid = {0A2C444B-B0E0-45AA-A9E3-FA4AEA568A2B}
	EndGlobalSection
EndGlobal
